
Microsoft Visual Studio Solution File, Format Version 11.00
# Visual Studio 2010
Project("{FAE04EC0-301F-11D3-BF4B-00C04F79EFBC}") = "UI", "UI\UI.csproj", "{82FF82CA-2629-4742-A826-666884982B36}"
EndProject
Project("{FAE04EC0-301F-11D3-BF4B-00C04F79EFBC}") = "BL", "BL\BL.csproj", "{DD7014A1-21ED-4ED2-8FB7-80CD13FF3354}"
EndProject
Project("{FAE04EC0-301F-11D3-BF4B-00C04F79EFBC}") = "DA", "DA\DA.csproj", "{3FC95EF8-C2DD-45C7-9587-529E47897031}"
EndProject
Project("{FAE04EC0-301F-11D3-BF4B-00C04F79EFBC}") = "TO", "TO\TO.csproj", "{5047CBD0-2313-4213-A11E-FD953F804142}"
EndProject
Global
	GlobalSection(SolutionConfigurationPlatforms) = preSolution
		Debug|Any CPU = Debug|Any CPU
		Release|Any CPU = Release|Any CPU
	EndGlobalSection
	GlobalSection(ProjectConfigurationPlatforms) = postSolution
		{82FF82CA-2629-4742-A826-666884982B36}.Debug|Any CPU.ActiveCfg = Debug|Any CPU
		{82FF82CA-2629-4742-A826-666884982B36}.Debug|Any CPU.Build.0 = Debug|Any CPU
		{82FF82CA-2629-4742-A826-666884982B36}.Release|Any CPU.ActiveCfg = Release|Any CPU
		{82FF82CA-2629-4742-A826-666884982B36}.Release|Any CPU.Build.0 = Release|Any CPU
		{DD7014A1-21ED-4ED2-8FB7-80CD13FF3354}.Debug|Any CPU.ActiveCfg = Debug|Any CPU
		{DD7014A1-21ED-4ED2-8FB7-80CD13FF3354}.Debug|Any CPU.Build.0 = Debug|Any CPU
		{DD7014A1-21ED-4ED2-8FB7-80CD13FF3354}.Release|Any CPU.ActiveCfg = Release|Any CPU
		{DD7014A1-21ED-4ED2-8FB7-80CD13FF3354}.Release|Any CPU.Build.0 = Release|Any CPU
		{3FC95EF8-C2DD-45C7-9587-529E47897031}.Debug|Any CPU.ActiveCfg = Debug|Any CPU
		{3FC95EF8-C2DD-45C7-9587-529E47897031}.Debug|Any CPU.Build.0 = Debug|Any CPU
		{3FC95EF8-C2DD-45C7-9587-529E47897031}.Release|Any CPU.ActiveCfg = Release|Any CPU
		{3FC95EF8-C2DD-45C7-9587-529E47897031}.Release|Any CPU.Build.0 = Release|Any CPU
		{5047CBD0-2313-4213-A11E-FD953F804142}.Debug|Any CPU.ActiveCfg = Debug|Any CPU
		{5047CBD0-2313-4213-A11E-FD953F804142}.Debug|Any CPU.Build.0 = Debug|Any CPU
		{5047CBD0-2313-4213-A11E-FD953F804142}.Release|Any CPU.ActiveCfg = Release|Any CPU
		{5047CBD0-2313-4213-A11E-FD953F804142}.Release|Any CPU.Build.0 = Release|Any CPU
	EndGlobalSection
	GlobalSection(SolutionProperties) = preSolution
		HideSolutionNode = FALSE
	EndGlobalSection
EndGlobal
